{
    "name": "fr.nocturlab.projet-data",
    "version": "1.0.0",
    "lockfileVersion": 1,
    "requires": true,
    "dependencies": {
        "cordova-plugin-actionsheet": {
            "version": "2.3.3",
            "resolved": "https://registry.npmjs.org/cordova-plugin-actionsheet/-/cordova-plugin-actionsheet-2.3.3.tgz",
            "integrity": "sha1-6SYbLQBKjaQHOI1g31NMFWxS/xE="
        },
        "cordova-plugin-dialogs": {
            "version": "2.0.2",
            "resolved": "https://registry.npmjs.org/cordova-plugin-dialogs/-/cordova-plugin-dialogs-2.0.2.tgz",
            "integrity": "sha512-FUHI6eEVeoz2VkxbF0P56QlUQLGzXcvw3i4xuXyM9gEct6Y+FA3Xzgl2pJTZcTg5wRqLWzN08kgNoHPkom15pw=="
        },
        "cordova-plugin-geolocation": {
            "version": "4.0.2",
            "resolved": "https://registry.npmjs.org/cordova-plugin-geolocation/-/cordova-plugin-geolocation-4.0.2.tgz",
            "integrity": "sha512-QGThnPKzPxESHkruZlpE0+5aFBVOet8al0vIJ7laSUOQHIC1dd/JY6peVIbtLboKi5Dap1wCKRubOqPqH8xcQA=="
        },
        "uk.co.workingedge.phonegap.plugin.launchnavigator": {
            "version": "5.0.4",
            "resolved": "https://registry.npmjs.org/uk.co.workingedge.phonegap.plugin.launchnavigator/-/uk.co.workingedge.phonegap.plugin.launchnavigator-5.0.4.tgz",
            "integrity": "sha512-DMRb3kV9dUEDD2baJhUgLg4qDMQ21kdwkOuPvMzOnWfpIUe2WviVCH3BjJOoXVR+RrxxBsT5FtSDkC1yt8Sa4A=="
        }
    }
}
